
Microsoft Visual Studio Solution File, Format Version 12.00
# Visual Studio Version 17
VisualStudioVersion = 17.5.33424.131
MinimumVisualStudioVersion = 10.0.40219.1
Project("{FAE04EC0-301F-11D3-BF4B-00C04F79EFBC}") = "BlockDiagramSS", "BlockDiagramSS\BlockDiagramSS.csproj", "{FAEFEF68-CE36-43E3-A516-0026599DE52D}"
EndProject
Global
	GlobalSection(SolutionConfigurationPlatforms) = preSolution
		Debug|Any CPU = Debug|Any CPU
		Release|Any CPU = Release|Any CPU
	EndGlobalSection
	GlobalSection(ProjectConfigurationPlatforms) = postSolution
		{FAEFEF68-CE36-43E3-A516-0026599DE52D}.Debug|Any CPU.ActiveCfg = Debug|Any CPU
		{FAEFEF68-CE36-43E3-A516-0026599DE52D}.Debug|Any CPU.Build.0 = Debug|Any CPU
		{FAEFEF68-CE36-43E3-A516-0026599DE52D}.Release|Any CPU.ActiveCfg = Release|Any CPU
		{FAEFEF68-CE36-43E3-A516-0026599DE52D}.Release|Any CPU.Build.0 = Release|Any CPU
	EndGlobalSection
	GlobalSection(SolutionProperties) = preSolution
		HideSolutionNode = FALSE
	EndGlobalSection
	GlobalSection(ExtensibilityGlobals) = postSolution
		SolutionGuid = {5647330A-3968-4ED1-9669-80B0C53F25C6}
	EndGlobalSection
EndGlobal
